
Microsoft Visual Studio Solution File, Format Version 12.00
# Visual Studio Version 16
VisualStudioVersion = 16.0.31729.503
MinimumVisualStudioVersion = 10.0.40219.1
Project("{FAE04EC0-301F-11D3-BF4B-00C04F79EFBC}") = "calLetterGrade", "calLetterGrade\calLetterGrade.csproj", "{02F42BAD-35C7-4DFB-8704-CD40A3D5EFA6}"
EndProject
Global
	GlobalSection(SolutionConfigurationPlatforms) = preSolution
		Debug|Any CPU = Debug|Any CPU
		Release|Any CPU = Release|Any CPU
	EndGlobalSection
	GlobalSection(ProjectConfigurationPlatforms) = postSolution
		{02F42BAD-35C7-4DFB-8704-CD40A3D5EFA6}.Debug|Any CPU.ActiveCfg = Debug|Any CPU
		{02F42BAD-35C7-4DFB-8704-CD40A3D5EFA6}.Debug|Any CPU.Build.0 = Debug|Any CPU
		{02F42BAD-35C7-4DFB-8704-CD40A3D5EFA6}.Release|Any CPU.ActiveCfg = Release|Any CPU
		{02F42BAD-35C7-4DFB-8704-CD40A3D5EFA6}.Release|Any CPU.Build.0 = Release|Any CPU
	EndGlobalSection
	GlobalSection(SolutionProperties) = preSolution
		HideSolutionNode = FALSE
	EndGlobalSection
	GlobalSection(ExtensibilityGlobals) = postSolution
		SolutionGuid = {1739AB5D-EEDF-4471-A8B6-BEA5EC3953F5}
	EndGlobalSection
EndGlobal
