
Microsoft Visual Studio Solution File, Format Version 12.00
# Visual Studio Version 16
VisualStudioVersion = 16.0.31729.503
MinimumVisualStudioVersion = 10.0.40219.1
Project("{FAE04EC0-301F-11D3-BF4B-00C04F79EFBC}") = "InvoiceTotal2", "InvoiceTotal2\InvoiceTotal2.csproj", "{FEFC4D29-122C-48EB-BDFF-A6BE2F22FD19}"
EndProject
Global
	GlobalSection(SolutionConfigurationPlatforms) = preSolution
		Debug|Any CPU = Debug|Any CPU
		Release|Any CPU = Release|Any CPU
	EndGlobalSection
	GlobalSection(ProjectConfigurationPlatforms) = postSolution
		{FEFC4D29-122C-48EB-BDFF-A6BE2F22FD19}.Debug|Any CPU.ActiveCfg = Debug|Any CPU
		{FEFC4D29-122C-48EB-BDFF-A6BE2F22FD19}.Debug|Any CPU.Build.0 = Debug|Any CPU
		{FEFC4D29-122C-48EB-BDFF-A6BE2F22FD19}.Release|Any CPU.ActiveCfg = Release|Any CPU
		{FEFC4D29-122C-48EB-BDFF-A6BE2F22FD19}.Release|Any CPU.Build.0 = Release|Any CPU
	EndGlobalSection
	GlobalSection(SolutionProperties) = preSolution
		HideSolutionNode = FALSE
	EndGlobalSection
	GlobalSection(ExtensibilityGlobals) = postSolution
		SolutionGuid = {D38871C1-49E1-41D5-9B64-6AAC1A1F3675}
	EndGlobalSection
EndGlobal
